
Microsoft Visual Studio Solution File, Format Version 12.00
# Visual Studio Version 17
VisualStudioVersion = 17.0.31903.59
MinimumVisualStudioVersion = 10.0.40219.1
Project("{2150E333-8FDC-42A3-9474-1A3956D46DE8}") = "src", "src", "{B21C1391-7264-4941-99E3-584DE1D65BFE}"
EndProject
Project("{F2A71F9B-5D33-465A-A702-920D77279786}") = "Server", "src\Server\Server.fsproj", "{61EDD869-99E8-4653-A234-DF96EC1FAF9E}"
EndProject
Project("{F2A71F9B-5D33-465A-A702-920D77279786}") = "Shared", "src\Shared\Shared.fsproj", "{C92AD633-1068-4873-AD9E-22A3E7D52B56}"
EndProject
Project("{F2A71F9B-5D33-465A-A702-920D77279786}") = "ServerInterfaces", "src\ServerInterfaces\ServerInterfaces.fsproj", "{F6C43633-DA32-4546-A34A-47D0B249DD04}"
EndProject
Project("{F2A71F9B-5D33-465A-A702-920D77279786}") = "Query", "src\Query\Query.fsproj", "{197A2C6D-2EBE-4B16-B54F-124C549E15C1}"
EndProject
Global
	GlobalSection(SolutionConfigurationPlatforms) = preSolution
		Debug|Any CPU = Debug|Any CPU
		Release|Any CPU = Release|Any CPU
	EndGlobalSection
	GlobalSection(SolutionProperties) = preSolution
		HideSolutionNode = FALSE
	EndGlobalSection
	GlobalSection(ProjectConfigurationPlatforms) = postSolution
		{61EDD869-99E8-4653-A234-DF96EC1FAF9E}.Debug|Any CPU.ActiveCfg = Debug|Any CPU
		{61EDD869-99E8-4653-A234-DF96EC1FAF9E}.Debug|Any CPU.Build.0 = Debug|Any CPU
		{61EDD869-99E8-4653-A234-DF96EC1FAF9E}.Release|Any CPU.ActiveCfg = Release|Any CPU
		{61EDD869-99E8-4653-A234-DF96EC1FAF9E}.Release|Any CPU.Build.0 = Release|Any CPU
		{C92AD633-1068-4873-AD9E-22A3E7D52B56}.Debug|Any CPU.ActiveCfg = Debug|Any CPU
		{C92AD633-1068-4873-AD9E-22A3E7D52B56}.Debug|Any CPU.Build.0 = Debug|Any CPU
		{C92AD633-1068-4873-AD9E-22A3E7D52B56}.Release|Any CPU.ActiveCfg = Release|Any CPU
		{C92AD633-1068-4873-AD9E-22A3E7D52B56}.Release|Any CPU.Build.0 = Release|Any CPU
		{F6C43633-DA32-4546-A34A-47D0B249DD04}.Debug|Any CPU.ActiveCfg = Debug|Any CPU
		{F6C43633-DA32-4546-A34A-47D0B249DD04}.Debug|Any CPU.Build.0 = Debug|Any CPU
		{F6C43633-DA32-4546-A34A-47D0B249DD04}.Release|Any CPU.ActiveCfg = Release|Any CPU
		{F6C43633-DA32-4546-A34A-47D0B249DD04}.Release|Any CPU.Build.0 = Release|Any CPU
		{197A2C6D-2EBE-4B16-B54F-124C549E15C1}.Debug|Any CPU.ActiveCfg = Debug|Any CPU
		{197A2C6D-2EBE-4B16-B54F-124C549E15C1}.Debug|Any CPU.Build.0 = Debug|Any CPU
		{197A2C6D-2EBE-4B16-B54F-124C549E15C1}.Release|Any CPU.ActiveCfg = Release|Any CPU
		{197A2C6D-2EBE-4B16-B54F-124C549E15C1}.Release|Any CPU.Build.0 = Release|Any CPU
	EndGlobalSection
	GlobalSection(NestedProjects) = preSolution
		{61EDD869-99E8-4653-A234-DF96EC1FAF9E} = {B21C1391-7264-4941-99E3-584DE1D65BFE}
		{C92AD633-1068-4873-AD9E-22A3E7D52B56} = {B21C1391-7264-4941-99E3-584DE1D65BFE}
		{F6C43633-DA32-4546-A34A-47D0B249DD04} = {B21C1391-7264-4941-99E3-584DE1D65BFE}
		{197A2C6D-2EBE-4B16-B54F-124C549E15C1} = {B21C1391-7264-4941-99E3-584DE1D65BFE}
	EndGlobalSection
EndGlobal
